// !$*UTF8*$!
{
	archiveVersion = 1;
	classes = {
	};
	objectVersion = 55;
	objects = {

/* Begin PBXBuildFile section */
		90EB235E2820B1370093FA5F /* CodingBootcampTestimonialsSliderApp.swift in Sources */ = {isa = PBXBuildFile; fileRef = 90EB234E2820B1360093FA5F /* CodingBootcampTestimonialsSliderApp.swift */; };
		90EB235F2820B1370093FA5F /* CodingBootcampTestimonialsSliderApp.swift in Sources */ = {isa = PBXBuildFile; fileRef = 90EB234E2820B1360093FA5F /* CodingBootcampTestimonialsSliderApp.swift */; };
		90EB23602820B1370093FA5F /* ContentView.swift in Sources */ = {isa = PBXBuildFile; fileRef = 90EB234F2820B1360093FA5F /* ContentView.swift */; };
		90EB23612820B1370093FA5F /* ContentView.swift in Sources */ = {isa = PBXBuildFile; fileRef = 90EB234F2820B1360093FA5F /* ContentView.swift */; };
		90EB23622820B1370093FA5F /* Assets.xcassets in Resources */ = {isa = PBXBuildFile; fileRef = 90EB23502820B1370093FA5F /* Assets.xcassets */; };
		90EB23632820B1370093FA5F /* Assets.xcassets in Resources */ = {isa = PBXBuildFile; fileRef = 90EB23502820B1370093FA5F /* Assets.xcassets */; };
		90EB23702820B38A0093FA5F /* TestimonialPageView.swift in Sources */ = {isa = PBXBuildFile; fileRef = 90EB236F2820B38A0093FA5F /* TestimonialPageView.swift */; };
		90EB23722820B3A20093FA5F /* BackgroundView.swift in Sources */ = {isa = PBXBuildFile; fileRef = 90EB23712820B3A20093FA5F /* BackgroundView.swift */; };
/* End PBXBuildFile section */

/* Begin PBXFileReference section */
		90EB234E2820B1360093FA5F /* CodingBootcampTestimonialsSliderApp.swift */ = {isa = PBXFileReference; lastKnownFileType = sourcecode.swift; path = CodingBootcampTestimonialsSliderApp.swift; sourceTree = "<group>"; };
		90EB234F2820B1360093FA5F /* ContentView.swift */ = {isa = PBXFileReference; lastKnownFileType = sourcecode.swift; path = ContentView.swift; sourceTree = "<group>"; };
		90EB23502820B1370093FA5F /* Assets.xcassets */ = {isa = PBXFileReference; lastKnownFileType = folder.assetcatalog; path = Assets.xcassets; sourceTree = "<group>"; };
		90EB23552820B1370093FA5F /* Coding Bootcamp Testimonials Slider.app */ = {isa = PBXFileReference; explicitFileType = wrapper.application; includeInIndex = 0; path = "Coding Bootcamp Testimonials Slider.app"; sourceTree = BUILT_PRODUCTS_DIR; };
		90EB235B2820B1370093FA5F /* Coding Bootcamp Testimonials Slider.app */ = {isa = PBXFileReference; explicitFileType = wrapper.application; includeInIndex = 0; path = "Coding Bootcamp Testimonials Slider.app"; sourceTree = BUILT_PRODUCTS_DIR; };
		90EB235D2820B1370093FA5F /* macOS.entitlements */ = {isa = PBXFileReference; lastKnownFileType = text.plist.entitlements; path = macOS.entitlements; sourceTree = "<group>"; };
		90EB236F2820B38A0093FA5F /* TestimonialPageView.swift */ = {isa = PBXFileReference; lastKnownFileType = sourcecode.swift; path = TestimonialPageView.swift; sourceTree = "<group>"; };
		90EB23712820B3A20093FA5F /* BackgroundView.swift */ = {isa = PBXFileReference; lastKnownFileType = sourcecode.swift; path = BackgroundView.swift; sourceTree = "<group>"; };
/* End PBXFileReference section */

/* Begin PBXFrameworksBuildPhase section */
		90EB23522820B1370093FA5F /* Frameworks */ = {
			isa = PBXFrameworksBuildPhase;
			buildActionMask = 2147483647;
			files = (
			);
			runOnlyForDeploymentPostprocessing = 0;
		};
		90EB23582820B1370093FA5F /* Frameworks */ = {
			isa = PBXFrameworksBuildPhase;
			buildActionMask = 2147483647;
			files = (
			);
			runOnlyForDeploymentPostprocessing = 0;
		};
/* End PBXFrameworksBuildPhase section */

/* Begin PBXGroup section */
		90EB23482820B1360093FA5F = {
			isa = PBXGroup;
			children = (
				90EB234D2820B1360093FA5F /* Shared */,
				90EB235C2820B1370093FA5F /* macOS */,
				90EB23562820B1370093FA5F /* Products */,
			);
			sourceTree = "<group>";
		};
		90EB234D2820B1360093FA5F /* Shared */ = {
			isa = PBXGroup;
			children = (
				90EB236E2820B15A0093FA5F /* Models */,
				90EB236D2820B1540093FA5F /* Views */,
				90EB236C2820B1490093FA5F /* App */,
			);
			path = Shared;
			sourceTree = "<group>";
		};
		90EB23562820B1370093FA5F /* Products */ = {
			isa = PBXGroup;
			children = (
				90EB23552820B1370093FA5F /* Coding Bootcamp Testimonials Slider.app */,
				90EB235B2820B1370093FA5F /* Coding Bootcamp Testimonials Slider.app */,
			);
			name = Products;
			sourceTree = "<group>";
		};
		90EB235C2820B1370093FA5F /* macOS */ = {
			isa = PBXGroup;
			children = (
				90EB235D2820B1370093FA5F /* macOS.entitlements */,
			);
			path = macOS;
			sourceTree = "<group>";
		};
		90EB236C2820B1490093FA5F /* App */ = {
			isa = PBXGroup;
			children = (
				90EB234E2820B1360093FA5F /* CodingBootcampTestimonialsSliderApp.swift */,
				90EB23502820B1370093FA5F /* Assets.xcassets */,
			);
			path = App;
			sourceTree = "<group>";
		};
		90EB236D2820B1540093FA5F /* Views */ = {
			isa = PBXGroup;
			children = (
				90EB234F2820B1360093FA5F /* ContentView.swift */,
				90EB236F2820B38A0093FA5F /* TestimonialPageView.swift */,
				90EB23712820B3A20093FA5F /* BackgroundView.swift */,
			);
			path = Views;
			sourceTree = "<group>";
		};
		90EB236E2820B15A0093FA5F /* Models */ = {
			isa = PBXGroup;
			children = (
			);
			path = Models;
			sourceTree = "<group>";
		};
/* End PBXGroup section */

/* Begin PBXNativeTarget section */
		90EB23542820B1370093FA5F /* Coding Bootcamp Testimonials Slider (iOS) */ = {
			isa = PBXNativeTarget;
			buildConfigurationList = 90EB23662820B1370093FA5F /* Build configuration list for PBXNativeTarget "Coding Bootcamp Testimonials Slider (iOS)" */;
			buildPhases = (
				90EB23512820B1370093FA5F /* Sources */,
				90EB23522820B1370093FA5F /* Frameworks */,
				90EB23532820B1370093FA5F /* Resources */,
			);
			buildRules = (
			);
			dependencies = (
			);
			name = "Coding Bootcamp Testimonials Slider (iOS)";
			productName = "CodingBootcampTestimonialsSlider (iOS)";
			productReference = 90EB23552820B1370093FA5F /* Coding Bootcamp Testimonials Slider.app */;
			productType = "com.apple.product-type.application";
		};
		90EB235A2820B1370093FA5F /* Coding Bootcamp Testimonials Slider (macOS) */ = {
			isa = PBXNativeTarget;
			buildConfigurationList = 90EB23692820B1370093FA5F /* Build configuration list for PBXNativeTarget "Coding Bootcamp Testimonials Slider (macOS)" */;
			buildPhases = (
				90EB23572820B1370093FA5F /* Sources */,
				90EB23582820B1370093FA5F /* Frameworks */,
				90EB23592820B1370093FA5F /* Resources */,
			);
			buildRules = (
			);
			dependencies = (
			);
			name = "Coding Bootcamp Testimonials Slider (macOS)";
			productName = "CodingBootcampTestimonialsSlider (macOS)";
			productReference = 90EB235B2820B1370093FA5F /* Coding Bootcamp Testimonials Slider.app */;
			productType = "com.apple.product-type.application";
		};
/* End PBXNativeTarget section */

/* Begin PBXProject section */
		90EB23492820B1360093FA5F /* Project object */ = {
			isa = PBXProject;
			attributes = {
				BuildIndependentTargetsInParallel = 1;
				LastSwiftUpdateCheck = 1330;
				LastUpgradeCheck = 1330;
				TargetAttributes = {
					90EB23542820B1370093FA5F = {
						CreatedOnToolsVersion = 13.3.1;
					};
					90EB235A2820B1370093FA5F = {
						CreatedOnToolsVersion = 13.3.1;
					};
				};
			};
			buildConfigurationList = 90EB234C2820B1360093FA5F /* Build configuration list for PBXProject "Coding Bootcamp Testimonials Slider" */;
			compatibilityVersion = "Xcode 13.0";
			developmentRegion = en;
			hasScannedForEncodings = 0;
			knownRegions = (
				en,
				Base,
			);
			mainGroup = 90EB23482820B1360093FA5F;
			productRefGroup = 90EB23562820B1370093FA5F /* Products */;
			projectDirPath = "";
			projectRoot = "";
			targets = (
				90EB23542820B1370093FA5F /* Coding Bootcamp Testimonials Slider (iOS) */,
				90EB235A2820B1370093FA5F /* Coding Bootcamp Testimonials Slider (macOS) */,
			);
		};
/* End PBXProject section */

/* Begin PBXResourcesBuildPhase section */
		90EB23532820B1370093FA5F /* Resources */ = {
			isa = PBXResourcesBuildPhase;
			buildActionMask = 2147483647;
			files = (
				90EB23622820B1370093FA5F /* Assets.xcassets in Resources */,
			);
			runOnlyForDeploymentPostprocessing = 0;
		};
		90EB23592820B1370093FA5F /* Resources */ = {
			isa = PBXResourcesBuildPhase;
			buildActionMask = 2147483647;
			files = (
				90EB23632820B1370093FA5F /* Assets.xcassets in Resources */,
			);
			runOnlyForDeploymentPostprocessing = 0;
		};
/* End PBXResourcesBuildPhase section */

/* Begin PBXSourcesBuildPhase section */
		90EB23512820B1370093FA5F /* Sources */ = {
			isa = PBXSourcesBuildPhase;
			buildActionMask = 2147483647;
			files = (
				90EB23602820B1370093FA5F /* ContentView.swift in Sources */,
				90EB23702820B38A0093FA5F /* TestimonialPageView.swift in Sources */,
				90EB23722820B3A20093FA5F /* BackgroundView.swift in Sources */,
				90EB235E2820B1370093FA5F /* CodingBootcampTestimonialsSliderApp.swift in Sources */,
			);
			runOnlyForDeploymentPostprocessing = 0;
		};
		90EB23572820B1370093FA5F /* Sources */ = {
			isa = PBXSourcesBuildPhase;
			buildActionMask = 2147483647;
			files = (
				90EB23612820B1370093FA5F /* ContentView.swift in Sources */,
				90EB235F2820B1370093FA5F /* CodingBootcampTestimonialsSliderApp.swift in Sources */,
			);
			runOnlyForDeploymentPostprocessing = 0;
		};
/* End PBXSourcesBuildPhase section */

/* Begin XCBuildConfiguration section */
		90EB23642820B1370093FA5F /* Debug */ = {
			isa = XCBuildConfiguration;
			buildSettings = {
				ALWAYS_SEARCH_USER_PATHS = NO;
				CLANG_ANALYZER_NONNULL = YES;
				CLANG_ANALYZER_NUMBER_OBJECT_CONVERSION = YES_AGGRESSIVE;
				CLANG_CXX_LANGUAGE_STANDARD = "gnu++17";
				CLANG_ENABLE_MODULES = YES;
				CLANG_ENABLE_OBJC_ARC = YES;
				CLANG_ENABLE_OBJC_WEAK = YES;
				CLANG_WARN_BLOCK_CAPTURE_AUTORELEASING = YES;
				CLANG_WARN_BOOL_CONVERSION = YES;
				CLANG_WARN_COMMA = YES;
				CLANG_WARN_CONSTANT_CONVERSION = YES;
				CLANG_WARN_DEPRECATED_OBJC_IMPLEMENTATIONS = YES;
				CLANG_WARN_DIRECT_OBJC_ISA_USAGE = YES_ERROR;
				CLANG_WARN_DOCUMENTATION_COMMENTS = YES;
				CLANG_WARN_EMPTY_BODY = YES;
				CLANG_WARN_ENUM_CONVERSION = YES;
				CLANG_WARN_INFINITE_RECURSION = YES;
				CLANG_WARN_INT_CONVERSION = YES;
				CLANG_WARN_NON_LITERAL_NULL_CONVERSION = YES;
				CLANG_WARN_OBJC_IMPLICIT_RETAIN_SELF = YES;
				CLANG_WARN_OBJC_LITERAL_CONVERSION = YES;
				CLANG_WARN_OBJC_ROOT_CLASS = YES_ERROR;
				CLANG_WARN_QUOTED_INCLUDE_IN_FRAMEWORK_HEADER = YES;
				CLANG_WARN_RANGE_LOOP_ANALYSIS = YES;
				CLANG_WARN_STRICT_PROTOTYPES = YES;
				CLANG_WARN_SUSPICIOUS_MOVE = YES;
				CLANG_WARN_UNGUARDED_AVAILABILITY = YES_AGGRESSIVE;
				CLANG_WARN_UNREACHABLE_CODE = YES;
				CLANG_WARN__DUPLICATE_METHOD_MATCH = YES;
				COPY_PHASE_STRIP = NO;
				DEBUG_INFORMATION_FORMAT = dwarf;
				ENABLE_STRICT_OBJC_MSGSEND = YES;
				ENABLE_TESTABILITY = YES;
				GCC_C_LANGUAGE_STANDARD = gnu11;
				GCC_DYNAMIC_NO_PIC = NO;
				GCC_NO_COMMON_BLOCKS = YES;
				GCC_OPTIMIZATION_LEVEL = 0;
				GCC_PREPROCESSOR_DEFINITIONS = (
					"DEBUG=1",
					"$(inherited)",
				);
				GCC_WARN_64_TO_32_BIT_CONVERSION = YES;
				GCC_WARN_ABOUT_RETURN_TYPE = YES_ERROR;
				GCC_WARN_UNDECLARED_SELECTOR = YES;
				GCC_WARN_UNINITIALIZED_AUTOS = YES_AGGRESSIVE;
				GCC_WARN_UNUSED_FUNCTION = YES;
				GCC_WARN_UNUSED_VARIABLE = YES;
				IPHONEOS_DEPLOYMENT_TARGET = 15.4;
				MACOSX_DEPLOYMENT_TARGET = 12.3;
				MTL_ENABLE_DEBUG_INFO = INCLUDE_SOURCE;
				MTL_FAST_MATH = YES;
				ONLY_ACTIVE_ARCH = YES;
				SWIFT_ACTIVE_COMPILATION_CONDITIONS = DEBUG;
				SWIFT_OPTIMIZATION_LEVEL = "-Onone";
			};
			name = Debug;
		};
		90EB23652820B1370093FA5F /* Release */ = {
			isa = XCBuildConfiguration;
			buildSettings = {
				ALWAYS_SEARCH_USER_PATHS = NO;
				CLANG_ANALYZER_NONNULL = YES;
				CLANG_ANALYZER_NUMBER_OBJECT_CONVERSION = YES_AGGRESSIVE;
				CLANG_CXX_LANGUAGE_STANDARD = "gnu++17";
				CLANG_ENABLE_MODULES = YES;
				CLANG_ENABLE_OBJC_ARC = YES;
				CLANG_ENABLE_OBJC_WEAK = YES;
				CLANG_WARN_BLOCK_CAPTURE_AUTORELEASING = YES;
				CLANG_WARN_BOOL_CONVERSION = YES;
				CLANG_WARN_COMMA = YES;
				CLANG_WARN_CONSTANT_CONVERSION = YES;
				CLANG_WARN_DEPRECATED_OBJC_IMPLEMENTATIONS = YES;
				CLANG_WARN_DIRECT_OBJC_ISA_USAGE = YES_ERROR;
				CLANG_WARN_DOCUMENTATION_COMMENTS = YES;
				CLANG_WARN_EMPTY_BODY = YES;
				CLANG_WARN_ENUM_CONVERSION = YES;
				CLANG_WARN_INFINITE_RECURSION = YES;
				CLANG_WARN_INT_CONVERSION = YES;
				CLANG_WARN_NON_LITERAL_NULL_CONVERSION = YES;
				CLANG_WARN_OBJC_IMPLICIT_RETAIN_SELF = YES;
				CLANG_WARN_OBJC_LITERAL_CONVERSION = YES;
				CLANG_WARN_OBJC_ROOT_CLASS = YES_ERROR;
				CLANG_WARN_QUOTED_INCLUDE_IN_FRAMEWORK_HEADER = YES;
				CLANG_WARN_RANGE_LOOP_ANALYSIS = YES;
				CLANG_WARN_STRICT_PROTOTYPES = YES;
				CLANG_WARN_SUSPICIOUS_MOVE = YES;
				CLANG_WARN_UNGUARDED_AVAILABILITY = YES_AGGRESSIVE;
				CLANG_WARN_UNREACHABLE_CODE = YES;
				CLANG_WARN__DUPLICATE_METHOD_MATCH = YES;
				COPY_PHASE_STRIP = NO;
				DEBUG_INFORMATION_FORMAT = "dwarf-with-dsym";
				ENABLE_NS_ASSERTIONS = NO;
				ENABLE_STRICT_OBJC_MSGSEND = YES;
				GCC_C_LANGUAGE_STANDARD = gnu11;
				GCC_NO_COMMON_BLOCKS = YES;
				GCC_WARN_64_TO_32_BIT_CONVERSION = YES;
				GCC_WARN_ABOUT_RETURN_TYPE = YES_ERROR;
				GCC_WARN_UNDECLARED_SELECTOR = YES;
				GCC_WARN_UNINITIALIZED_AUTOS = YES_AGGRESSIVE;
				GCC_WARN_UNUSED_FUNCTION = YES;
				GCC_WARN_UNUSED_VARIABLE = YES;
				IPHONEOS_DEPLOYMENT_TARGET = 15.4;
				MACOSX_DEPLOYMENT_TARGET = 12.3;
				MTL_ENABLE_DEBUG_INFO = NO;
				MTL_FAST_MATH = YES;
				SWIFT_COMPILATION_MODE = wholemodule;
				SWIFT_OPTIMIZATION_LEVEL = "-O";
			};
			name = Release;
		};
		90EB23672820B1370093FA5F /* Debug */ = {
			isa = XCBuildConfiguration;
			buildSettings = {
				ASSETCATALOG_COMPILER_APPICON_NAME = AppIcon;
				ASSETCATALOG_COMPILER_GLOBAL_ACCENT_COLOR_NAME = AccentColor;
				CODE_SIGN_STYLE = Automatic;
				CURRENT_PROJECT_VERSION = 1;
				DEVELOPMENT_TEAM = 862P2X6G9G;
				ENABLE_PREVIEWS = YES;
				GENERATE_INFOPLIST_FILE = YES;
				INFOPLIST_KEY_UIApplicationSceneManifest_Generation = YES;
				INFOPLIST_KEY_UIApplicationSupportsIndirectInputEvents = YES;
				INFOPLIST_KEY_UILaunchScreen_Generation = YES;
				INFOPLIST_KEY_UISupportedInterfaceOrientations_iPad = "UIInterfaceOrientationPortrait UIInterfaceOrientationPortraitUpsideDown UIInterfaceOrientationLandscapeLeft UIInterfaceOrientationLandscapeRight";
				INFOPLIST_KEY_UISupportedInterfaceOrientations_iPhone = "UIInterfaceOrientationPortrait UIInterfaceOrientationLandscapeLeft UIInterfaceOrientationLandscapeRight";
				IPHONEOS_DEPLOYMENT_TARGET = 15.4;
				LD_RUNPATH_SEARCH_PATHS = (
					"$(inherited)",
					"@executable_path/Frameworks",
				);
				MARKETING_VERSION = 1.0;
				PRODUCT_BUNDLE_IDENTIFIER = me.jinwook.kim.CodingBootcampTestimonialsSlider;
				PRODUCT_NAME = "Coding Bootcamp Testimonials Slider";
				SDKROOT = iphoneos;
				SWIFT_EMIT_LOC_STRINGS = YES;
				SWIFT_VERSION = 5.0;
				TARGETED_DEVICE_FAMILY = "1,2";
			};
			name = Debug;
		};
		90EB23682820B1370093FA5F /* Release */ = {
			isa = XCBuildConfiguration;
			buildSettings = {
				ASSETCATALOG_COMPILER_APPICON_NAME = AppIcon;
				ASSETCATALOG_COMPILER_GLOBAL_ACCENT_COLOR_NAME = AccentColor;
				CODE_SIGN_STYLE = Automatic;
				CURRENT_PROJECT_VERSION = 1;
				DEVELOPMENT_TEAM = 862P2X6G9G;
				ENABLE_PREVIEWS = YES;
				GENERATE_INFOPLIST_FILE = YES;
				INFOPLIST_KEY_UIApplicationSceneManifest_Generation = YES;
				INFOPLIST_KEY_UIApplicationSupportsIndirectInputEvents = YES;
				INFOPLIST_KEY_UILaunchScreen_Generation = YES;
				INFOPLIST_KEY_UISupportedInterfaceOrientations_iPad = "UIInterfaceOrientationPortrait UIInterfaceOrientationPortraitUpsideDown UIInterfaceOrientationLandscapeLeft UIInterfaceOrientationLandscapeRight";
				INFOPLIST_KEY_UISupportedInterfaceOrientations_iPhone = "UIInterfaceOrientationPortrait UIInterfaceOrientationLandscapeLeft UIInterfaceOrientationLandscapeRight";
				IPHONEOS_DEPLOYMENT_TARGET = 15.4;
				LD_RUNPATH_SEARCH_PATHS = (
					"$(inherited)",
					"@executable_path/Frameworks",
				);
				MARKETING_VERSION = 1.0;
				PRODUCT_BUNDLE_IDENTIFIER = me.jinwook.kim.CodingBootcampTestimonialsSlider;
				PRODUCT_NAME = "Coding Bootcamp Testimonials Slider";
				SDKROOT = iphoneos;
				SWIFT_EMIT_LOC_STRINGS = YES;
				SWIFT_VERSION = 5.0;
				TARGETED_DEVICE_FAMILY = "1,2";
				VALIDATE_PRODUCT = YES;
			};
			name = Release;
		};
		90EB236A2820B1370093FA5F /* Debug */ = {
			isa = XCBuildConfiguration;
			buildSettings = {
				ASSETCATALOG_COMPILER_APPICON_NAME = AppIcon;
				ASSETCATALOG_COMPILER_GLOBAL_ACCENT_COLOR_NAME = AccentColor;
				CODE_SIGN_ENTITLEMENTS = macOS/macOS.entitlements;
				CODE_SIGN_STYLE = Automatic;
				COMBINE_HIDPI_IMAGES = YES;
				CURRENT_PROJECT_VERSION = 1;
				DEVELOPMENT_TEAM = 862P2X6G9G;
				ENABLE_HARDENED_RUNTIME = YES;
				ENABLE_PREVIEWS = YES;
				GENERATE_INFOPLIST_FILE = YES;
				INFOPLIST_KEY_NSHumanReadableCopyright = "";
				LD_RUNPATH_SEARCH_PATHS = (
					"$(inherited)",
					"@executable_path/../Frameworks",
				);
				MACOSX_DEPLOYMENT_TARGET = 12.3;
				MARKETING_VERSION = 1.0;
				PRODUCT_BUNDLE_IDENTIFIER = me.jinwook.kim.CodingBootcampTestimonialsSlider;
				PRODUCT_NAME = "Coding Bootcamp Testimonials Slider";
				SDKROOT = macosx;
				SWIFT_EMIT_LOC_STRINGS = YES;
				SWIFT_VERSION = 5.0;
			};
			name = Debug;
		};
		90EB236B2820B1370093FA5F /* Release */ = {
			isa = XCBuildConfiguration;
			buildSettings = {
				ASSETCATALOG_COMPILER_APPICON_NAME = AppIcon;
				ASSETCATALOG_COMPILER_GLOBAL_ACCENT_COLOR_NAME = AccentColor;
				CODE_SIGN_ENTITLEMENTS = macOS/macOS.entitlements;
				CODE_SIGN_STYLE = Automatic;
				COMBINE_HIDPI_IMAGES = YES;
				CURRENT_PROJECT_VERSION = 1;
				DEVELOPMENT_TEAM = 862P2X6G9G;
				ENABLE_HARDENED_RUNTIME = YES;
				ENABLE_PREVIEWS = YES;
				GENERATE_INFOPLIST_FILE = YES;
				INFOPLIST_KEY_NSHumanReadableCopyright = "";
				LD_RUNPATH_SEARCH_PATHS = (
					"$(inherited)",
					"@executable_path/../Frameworks",
				);
				MACOSX_DEPLOYMENT_TARGET = 12.3;
				MARKETING_VERSION = 1.0;
				PRODUCT_BUNDLE_IDENTIFIER = me.jinwook.kim.CodingBootcampTestimonialsSlider;
				PRODUCT_NAME = "Coding Bootcamp Testimonials Slider";
				SDKROOT = macosx;
				SWIFT_EMIT_LOC_STRINGS = YES;
				SWIFT_VERSION = 5.0;
			};
			name = Release;
		};
/* End XCBuildConfiguration section */

/* Begin XCConfigurationList section */
		90EB234C2820B1360093FA5F /* Build configuration list for PBXProject "Coding Bootcamp Testimonials Slider" */ = {
			isa = XCConfigurationList;
			buildConfigurations = (
				90EB23642820B1370093FA5F /* Debug */,
				90EB23652820B1370093FA5F /* Release */,
			);
			defaultConfigurationIsVisible = 0;
			defaultConfigurationName = Release;
		};
		90EB23662820B1370093FA5F /* Build configuration list for PBXNativeTarget "Coding Bootcamp Testimonials Slider (iOS)" */ = {
			isa = XCConfigurationList;
			buildConfigurations = (
				90EB23672820B1370093FA5F /* Debug */,
				90EB23682820B1370093FA5F /* Release */,
			);
			defaultConfigurationIsVisible = 0;
			defaultConfigurationName = Release;
		};
		90EB23692820B1370093FA5F /* Build configuration list for PBXNativeTarget "Coding Bootcamp Testimonials Slider (macOS)" */ = {
			isa = XCConfigurationList;
			buildConfigurations = (
				90EB236A2820B1370093FA5F /* Debug */,
				90EB236B2820B1370093FA5F /* Release */,
			);
			defaultConfigurationIsVisible = 0;
			defaultConfigurationName = Release;
		};
/* End XCConfigurationList section */
	};
	rootObject = 90EB23492820B1360093FA5F /* Project object */;
}
